<?xml version="1.0" encoding="utf-8"?>
<Project ToolsVersion="4.0" xmlns="http://schemas.microsoft.com/developer/msbuild/2003">
  <ItemGroup>
    <Filter Include="Source Files">
      <UniqueIdentifier>{4FC737F1-C7A5-4376-A066-2A32D752A2FF}</UniqueIdentifier>
      <Extensions>cpp;c;cc;cxx;c++;cppm;ixx;def;odl;idl;hpj;bat;asm;asmx</Extensions>
    </Filter>
    <Filter Include="Header Files">
      <UniqueIdentifier>{93995380-89BD-4b04-88EB-625FBE52EBFB}</UniqueIdentifier>
      <Extensions>h;hh;hpp;hxx;h++;hm;inl;inc;ipp;xsd</Extensions>
    </Filter>
    <Filter Include="Resource Files">
      <UniqueIdentifier>{67DA6AB6-F800-4c08-8B7A-83BB121AAD01}</UniqueIdentifier>
      <Extensions>rc;ico;cur;bmp;dlg;rc2;rct;bin;rgs;gif;jpg;jpeg;jpe;resx;tiff;tif;png;wav;mfcribbon-ms</Extensions>
    </Filter>
  </ItemGroup>
  <ItemGroup>
    <ClCompile Include="Welcome.cpp">
      <Filter>Source Files</Filter>
    </ClCompile>
    <ClCompile Include="src\ADTs\AVLTree.cpp">
      <Filter>Source Files</Filter>
    </ClCompile>
    <ClCompile Include="src\ADTs\graph.cpp">
      <Filter>Source Files</Filter>
    </ClCompile>
    <ClCompile Include="src\ADTs\hashTable.cpp">
      <Filter>Source Files</Filter>
    </ClCompile>
    <ClCompile Include="src\app\admin.cpp">
      <Filter>Source Files</Filter>
    </ClCompile>
    <ClCompile Include="src\app\friend_requests.cpp">
      <Filter>Source Files</Filter>
    </ClCompile>
    <ClCompile Include="src\app\message.cpp">
      <Filter>Source Files</Filter>
    </ClCompile>
    <ClCompile Include="src\app\user.cpp">
      <Filter>Source Files</Filter>
    </ClCompile>
    <ClCompile Include="src\app\user_tree.cpp">
      <Filter>Source Files</Filter>
    </ClCompile>
    <ClCompile Include="src\app\users_graph.cpp">
      <Filter>Source Files</Filter>
    </ClCompile>
    <ClCompile Include="SignUp.cpp">
      <Filter>Source Files</Filter>
    </ClCompile>
    <ClCompile Include="Home.cpp">
      <Filter>Source Files</Filter>
    </ClCompile>
    <ClCompile Include="SearchForm.cpp">
      <Filter>Source Files</Filter>
    </ClCompile>
  </ItemGroup>
  <ItemGroup>
    <ClInclude Include="Welcome.h">
      <Filter>Header Files</Filter>
    </ClInclude>
    <ClInclude Include="SignUp.h">
      <Filter>Header Files</Filter>
    </ClInclude>
    <ClInclude Include="headers\ADTs\AVLTree.h">
      <Filter>Header Files</Filter>
    </ClInclude>
    <ClInclude Include="headers\ADTs\graph.h">
      <Filter>Header Files</Filter>
    </ClInclude>
    <ClInclude Include="headers\ADTs\hashTable.h">
      <Filter>Header Files</Filter>
    </ClInclude>
    <ClInclude Include="headers\ADTs\linked_list.h">
      <Filter>Header Files</Filter>
    </ClInclude>
    <ClInclude Include="headers\ADTs\queue.h">
      <Filter>Header Files</Filter>
    </ClInclude>
    <ClInclude Include="headers\ADTs\stack.h">
      <Filter>Header Files</Filter>
    </ClInclude>
    <ClInclude Include="headers\app\admin.h">
      <Filter>Header Files</Filter>
    </ClInclude>
    <ClInclude Include="headers\app\friend_requests.h">
      <Filter>Header Files</Filter>
    </ClInclude>
    <ClInclude Include="headers\app\message.h">
      <Filter>Header Files</Filter>
    </ClInclude>
    <ClInclude Include="headers\app\user.h">
      <Filter>Header Files</Filter>
    </ClInclude>
    <ClInclude Include="headers\app\user_tree.h">
      <Filter>Header Files</Filter>
    </ClInclude>
    <ClInclude Include="headers\app\users_graph.h">
      <Filter>Header Files</Filter>
    </ClInclude>
    <ClInclude Include="Home.h">
      <Filter>Header Files</Filter>
    </ClInclude>
    <ClInclude Include="SearchForm.h">
      <Filter>Header Files</Filter>
    </ClInclude>
  </ItemGroup>
  <ItemGroup>
    <Image Include="media\bell_icon.png">
      <Filter>Resource Files</Filter>
    </Image>
    <Image Include="media\biege_bg.jpg">
      <Filter>Resource Files</Filter>
    </Image>
    <Image Include="media\bubble_bg.jpg">
      <Filter>Resource Files</Filter>
    </Image>
    <Image Include="media\cubes_bg.jpg">
      <Filter>Resource Files</Filter>
    </Image>
    <Image Include="media\dark_bg.jpg">
      <Filter>Resource Files</Filter>
    </Image>
    <Image Include="media\folds_bg.jpg">
      <Filter>Resource Files</Filter>
    </Image>
    <Image Include="media\follower_icon.png">
      <Filter>Resource Files</Filter>
    </Image>
    <Image Include="media\friend_request.png">
      <Filter>Resource Files</Filter>
    </Image>
    <Image Include="media\message.png">
      <Filter>Resource Files</Filter>
    </Image>
    <Image Include="media\peach_bg.jpg">
      <Filter>Resource Files</Filter>
    </Image>
    <Image Include="media\search.png">
      <Filter>Resource Files</Filter>
    </Image>
  </ItemGroup>
</Project>